
Microsoft Visual Studio Solution File, Format Version 12.00
# Visual Studio 2015
Project("{FAE04EC0-301F-11D3-BF4B-00C04F79EFBC}") = "Hypnopticon", "Hypnopticon.csproj", "{F21BEC3F-BDBB-9D73-818E-F8B0589D684E}"
EndProject
Global
	GlobalSection(SolutionConfigurationPlatforms) = preSolution
		Debug|Any CPU = Debug|Any CPU
		Release|Any CPU = Release|Any CPU
	EndGlobalSection
	GlobalSection(ProjectConfigurationPlatforms) = postSolution
		{F21BEC3F-BDBB-9D73-818E-F8B0589D684E}.Debug|Any CPU.ActiveCfg = Debug|Any CPU
		{F21BEC3F-BDBB-9D73-818E-F8B0589D684E}.Debug|Any CPU.Build.0 = Debug|Any CPU
		{F21BEC3F-BDBB-9D73-818E-F8B0589D684E}.Release|Any CPU.ActiveCfg = Release|Any CPU
		{F21BEC3F-BDBB-9D73-818E-F8B0589D684E}.Release|Any CPU.Build.0 = Release|Any CPU
	EndGlobalSection
	GlobalSection(SolutionProperties) = preSolution
		HideSolutionNode = FALSE
	EndGlobalSection
EndGlobal
